// !$*UTF8*$!
{
	archiveVersion = 1;
	classes = {
	};
	objectVersion = 56;
	objects = {

/* Begin PBXBuildFile section */
		E401EDDB2BB41C380008A980 /* RealmSettings.swift in Sources */ = {isa = PBXBuildFile; fileRef = E401EDDA2BB41C380008A980 /* RealmSettings.swift */; };
		E401EDDE2BB420100008A980 /* MSImageButton.swift in Sources */ = {isa = PBXBuildFile; fileRef = E401EDDD2BB420100008A980 /* MSImageButton.swift */; };
		E401EDE12BB432800008A980 /* MSGameView.swift in Sources */ = {isa = PBXBuildFile; fileRef = E401EDE02BB432800008A980 /* MSGameView.swift */; };
		E401EDE32BB432DF0008A980 /* MSGameVM.swift in Sources */ = {isa = PBXBuildFile; fileRef = E401EDE22BB432DF0008A980 /* MSGameVM.swift */; };
		E401EDE52BB433070008A980 /* MSGameStatus.swift in Sources */ = {isa = PBXBuildFile; fileRef = E401EDE42BB433070008A980 /* MSGameStatus.swift */; };
		E401EDE72BB433E80008A980 /* MSGameAlertType.swift in Sources */ = {isa = PBXBuildFile; fileRef = E401EDE62BB433E80008A980 /* MSGameAlertType.swift */; };
		E401EDE92BB458140008A980 /* MSUtils.swift in Sources */ = {isa = PBXBuildFile; fileRef = E401EDE82BB458140008A980 /* MSUtils.swift */; };
		E41FA0F52BB753C900068A94 /* MSLoadingView.swift in Sources */ = {isa = PBXBuildFile; fileRef = E41FA0F42BB753C900068A94 /* MSLoadingView.swift */; };
		E41FA0F72BB75ABE00068A94 /* MSAction.swift in Sources */ = {isa = PBXBuildFile; fileRef = E41FA0F62BB75ABE00068A94 /* MSAction.swift */; };
		E41FA0F92BB75C0300068A94 /* MSBoardDivider.swift in Sources */ = {isa = PBXBuildFile; fileRef = E41FA0F82BB75C0300068A94 /* MSBoardDivider.swift */; };
		E42E84D32BB317D900280DB3 /* Minesweeper_3DApp.swift in Sources */ = {isa = PBXBuildFile; fileRef = E42E84D22BB317D900280DB3 /* Minesweeper_3DApp.swift */; };
		E42E84D72BB317DA00280DB3 /* Assets.xcassets in Resources */ = {isa = PBXBuildFile; fileRef = E42E84D62BB317DA00280DB3 /* Assets.xcassets */; };
		E42E84DB2BB317DA00280DB3 /* Preview Assets.xcassets in Resources */ = {isa = PBXBuildFile; fileRef = E42E84DA2BB317DA00280DB3 /* Preview Assets.xcassets */; };
		E42E84E72BB31DAF00280DB3 /* MSAppState.swift in Sources */ = {isa = PBXBuildFile; fileRef = E42E84E62BB31DAF00280DB3 /* MSAppState.swift */; };
		E42E84E92BB31E1E00280DB3 /* MSLogger.swift in Sources */ = {isa = PBXBuildFile; fileRef = E42E84E82BB31E1E00280DB3 /* MSLogger.swift */; };
		E42E84EB2BB31F2900280DB3 /* MSMainView.swift in Sources */ = {isa = PBXBuildFile; fileRef = E42E84EA2BB31F2900280DB3 /* MSMainView.swift */; };
		E42E84ED2BB3224000280DB3 /* MSMainVM.swift in Sources */ = {isa = PBXBuildFile; fileRef = E42E84EC2BB3224000280DB3 /* MSMainVM.swift */; };
		E42E84EF2BB3250F00280DB3 /* MSTexts.swift in Sources */ = {isa = PBXBuildFile; fileRef = E42E84EE2BB3250F00280DB3 /* MSTexts.swift */; };
		E42E84F22BB325A100280DB3 /* Localizable.strings in Resources */ = {isa = PBXBuildFile; fileRef = E42E84F42BB325A100280DB3 /* Localizable.strings */; };
		E42E84F72BB3264500280DB3 /* MSRealmManager.swift in Sources */ = {isa = PBXBuildFile; fileRef = E42E84F62BB3264500280DB3 /* MSRealmManager.swift */; };
		E42E84FA2BB3268800280DB3 /* Realm in Frameworks */ = {isa = PBXBuildFile; productRef = E42E84F92BB3268800280DB3 /* Realm */; };
		E42E84FC2BB3268800280DB3 /* RealmSwift in Frameworks */ = {isa = PBXBuildFile; productRef = E42E84FB2BB3268800280DB3 /* RealmSwift */; };
		E42E85012BB32A1800280DB3 /* MSSettings.swift in Sources */ = {isa = PBXBuildFile; fileRef = E42E85002BB32A1800280DB3 /* MSSettings.swift */; };
		E42E85032BB32B6300280DB3 /* MSLanguage.swift in Sources */ = {isa = PBXBuildFile; fileRef = E42E85022BB32B6300280DB3 /* MSLanguage.swift */; };
		E42E85052BB32D6300280DB3 /* MSConstants.swift in Sources */ = {isa = PBXBuildFile; fileRef = E42E85042BB32D6300280DB3 /* MSConstants.swift */; };
		E42E85072BB32E6A00280DB3 /* MSSettingsView.swift in Sources */ = {isa = PBXBuildFile; fileRef = E42E85062BB32E6A00280DB3 /* MSSettingsView.swift */; };
		E42E85092BB32E8E00280DB3 /* MSSettingsVM.swift in Sources */ = {isa = PBXBuildFile; fileRef = E42E85082BB32E8E00280DB3 /* MSSettingsVM.swift */; };
		E42E850C2BB3360500280DB3 /* MSLanguageDescription.swift in Sources */ = {isa = PBXBuildFile; fileRef = E42E850B2BB3360500280DB3 /* MSLanguageDescription.swift */; };
		E42E850E2BB3361800280DB3 /* MSLanguageType.swift in Sources */ = {isa = PBXBuildFile; fileRef = E42E850D2BB3361800280DB3 /* MSLanguageType.swift */; };
		E42E85102BB3365800280DB3 /* MSNavigations.swift in Sources */ = {isa = PBXBuildFile; fileRef = E42E850F2BB3365800280DB3 /* MSNavigations.swift */; };
		E42E85132BB336C200280DB3 /* MSImages.swift in Sources */ = {isa = PBXBuildFile; fileRef = E42E85122BB336C200280DB3 /* MSImages.swift */; };
		E42E85152BB336D900280DB3 /* MSSymbol.swift in Sources */ = {isa = PBXBuildFile; fileRef = E42E85142BB336D900280DB3 /* MSSymbol.swift */; };
		E42E85172BB336F900280DB3 /* MSSysImg.swift in Sources */ = {isa = PBXBuildFile; fileRef = E42E85162BB336F900280DB3 /* MSSysImg.swift */; };
		E42E85192BB3372300280DB3 /* MSSettingsImage.swift in Sources */ = {isa = PBXBuildFile; fileRef = E42E85182BB3372300280DB3 /* MSSettingsImage.swift */; };
/* End PBXBuildFile section */

/* Begin PBXFileReference section */
		E401EDDA2BB41C380008A980 /* RealmSettings.swift */ = {isa = PBXFileReference; lastKnownFileType = sourcecode.swift; path = RealmSettings.swift; sourceTree = "<group>"; };
		E401EDDD2BB420100008A980 /* MSImageButton.swift */ = {isa = PBXFileReference; lastKnownFileType = sourcecode.swift; path = MSImageButton.swift; sourceTree = "<group>"; };
		E401EDE02BB432800008A980 /* MSGameView.swift */ = {isa = PBXFileReference; lastKnownFileType = sourcecode.swift; path = MSGameView.swift; sourceTree = "<group>"; };
		E401EDE22BB432DF0008A980 /* MSGameVM.swift */ = {isa = PBXFileReference; lastKnownFileType = sourcecode.swift; path = MSGameVM.swift; sourceTree = "<group>"; };
		E401EDE42BB433070008A980 /* MSGameStatus.swift */ = {isa = PBXFileReference; lastKnownFileType = sourcecode.swift; path = MSGameStatus.swift; sourceTree = "<group>"; };
		E401EDE62BB433E80008A980 /* MSGameAlertType.swift */ = {isa = PBXFileReference; lastKnownFileType = sourcecode.swift; path = MSGameAlertType.swift; sourceTree = "<group>"; };
		E401EDE82BB458140008A980 /* MSUtils.swift */ = {isa = PBXFileReference; lastKnownFileType = sourcecode.swift; path = MSUtils.swift; sourceTree = "<group>"; };
		E41FA0F42BB753C900068A94 /* MSLoadingView.swift */ = {isa = PBXFileReference; lastKnownFileType = sourcecode.swift; path = MSLoadingView.swift; sourceTree = "<group>"; };
		E41FA0F62BB75ABE00068A94 /* MSAction.swift */ = {isa = PBXFileReference; lastKnownFileType = sourcecode.swift; path = MSAction.swift; sourceTree = "<group>"; };
		E41FA0F82BB75C0300068A94 /* MSBoardDivider.swift */ = {isa = PBXFileReference; lastKnownFileType = sourcecode.swift; path = MSBoardDivider.swift; sourceTree = "<group>"; };
		E42E84CF2BB317D900280DB3 /* Minesweeper 3D debug.app */ = {isa = PBXFileReference; explicitFileType = wrapper.application; includeInIndex = 0; path = "Minesweeper 3D debug.app"; sourceTree = BUILT_PRODUCTS_DIR; };
		E42E84D22BB317D900280DB3 /* Minesweeper_3DApp.swift */ = {isa = PBXFileReference; lastKnownFileType = sourcecode.swift; path = Minesweeper_3DApp.swift; sourceTree = "<group>"; };
		E42E84D62BB317DA00280DB3 /* Assets.xcassets */ = {isa = PBXFileReference; lastKnownFileType = folder.assetcatalog; path = Assets.xcassets; sourceTree = "<group>"; };
		E42E84D82BB317DA00280DB3 /* Minesweeper_3D.entitlements */ = {isa = PBXFileReference; lastKnownFileType = text.plist.entitlements; path = Minesweeper_3D.entitlements; sourceTree = "<group>"; };
		E42E84DA2BB317DA00280DB3 /* Preview Assets.xcassets */ = {isa = PBXFileReference; lastKnownFileType = folder.assetcatalog; path = "Preview Assets.xcassets"; sourceTree = "<group>"; };
		E42E84E62BB31DAF00280DB3 /* MSAppState.swift */ = {isa = PBXFileReference; lastKnownFileType = sourcecode.swift; path = MSAppState.swift; sourceTree = "<group>"; };
		E42E84E82BB31E1E00280DB3 /* MSLogger.swift */ = {isa = PBXFileReference; lastKnownFileType = sourcecode.swift; path = MSLogger.swift; sourceTree = "<group>"; };
		E42E84EA2BB31F2900280DB3 /* MSMainView.swift */ = {isa = PBXFileReference; lastKnownFileType = sourcecode.swift; path = MSMainView.swift; sourceTree = "<group>"; };
		E42E84EC2BB3224000280DB3 /* MSMainVM.swift */ = {isa = PBXFileReference; lastKnownFileType = sourcecode.swift; path = MSMainVM.swift; sourceTree = "<group>"; };
		E42E84EE2BB3250F00280DB3 /* MSTexts.swift */ = {isa = PBXFileReference; lastKnownFileType = sourcecode.swift; path = MSTexts.swift; sourceTree = "<group>"; };
		E42E84F52BB325BA00280DB3 /* es */ = {isa = PBXFileReference; lastKnownFileType = text.plist.strings; name = es; path = es.lproj/Localizable.strings; sourceTree = "<group>"; };
		E42E84F62BB3264500280DB3 /* MSRealmManager.swift */ = {isa = PBXFileReference; lastKnownFileType = sourcecode.swift; path = MSRealmManager.swift; sourceTree = "<group>"; };
		E42E85002BB32A1800280DB3 /* MSSettings.swift */ = {isa = PBXFileReference; lastKnownFileType = sourcecode.swift; path = MSSettings.swift; sourceTree = "<group>"; };
		E42E85022BB32B6300280DB3 /* MSLanguage.swift */ = {isa = PBXFileReference; lastKnownFileType = sourcecode.swift; path = MSLanguage.swift; sourceTree = "<group>"; };
		E42E85042BB32D6300280DB3 /* MSConstants.swift */ = {isa = PBXFileReference; lastKnownFileType = sourcecode.swift; path = MSConstants.swift; sourceTree = "<group>"; };
		E42E85062BB32E6A00280DB3 /* MSSettingsView.swift */ = {isa = PBXFileReference; lastKnownFileType = sourcecode.swift; path = MSSettingsView.swift; sourceTree = "<group>"; };
		E42E85082BB32E8E00280DB3 /* MSSettingsVM.swift */ = {isa = PBXFileReference; lastKnownFileType = sourcecode.swift; path = MSSettingsVM.swift; sourceTree = "<group>"; };
		E42E850B2BB3360500280DB3 /* MSLanguageDescription.swift */ = {isa = PBXFileReference; lastKnownFileType = sourcecode.swift; path = MSLanguageDescription.swift; sourceTree = "<group>"; };
		E42E850D2BB3361800280DB3 /* MSLanguageType.swift */ = {isa = PBXFileReference; lastKnownFileType = sourcecode.swift; path = MSLanguageType.swift; sourceTree = "<group>"; };
		E42E850F2BB3365800280DB3 /* MSNavigations.swift */ = {isa = PBXFileReference; lastKnownFileType = sourcecode.swift; path = MSNavigations.swift; sourceTree = "<group>"; };
		E42E85122BB336C200280DB3 /* MSImages.swift */ = {isa = PBXFileReference; lastKnownFileType = sourcecode.swift; path = MSImages.swift; sourceTree = "<group>"; };
		E42E85142BB336D900280DB3 /* MSSymbol.swift */ = {isa = PBXFileReference; lastKnownFileType = sourcecode.swift; path = MSSymbol.swift; sourceTree = "<group>"; };
		E42E85162BB336F900280DB3 /* MSSysImg.swift */ = {isa = PBXFileReference; lastKnownFileType = sourcecode.swift; path = MSSysImg.swift; sourceTree = "<group>"; };
		E42E85182BB3372300280DB3 /* MSSettingsImage.swift */ = {isa = PBXFileReference; lastKnownFileType = sourcecode.swift; path = MSSettingsImage.swift; sourceTree = "<group>"; };
/* End PBXFileReference section */

/* Begin PBXFrameworksBuildPhase section */
		E42E84CC2BB317D900280DB3 /* Frameworks */ = {
			isa = PBXFrameworksBuildPhase;
			buildActionMask = 2147483647;
			files = (
				E42E84FC2BB3268800280DB3 /* RealmSwift in Frameworks */,
				E42E84FA2BB3268800280DB3 /* Realm in Frameworks */,
			);
			runOnlyForDeploymentPostprocessing = 0;
		};
/* End PBXFrameworksBuildPhase section */

/* Begin PBXGroup section */
		E401EDD92BB41C2B0008A980 /* Realm */ = {
			isa = PBXGroup;
			children = (
				E401EDDA2BB41C380008A980 /* RealmSettings.swift */,
			);
			path = Realm;
			sourceTree = "<group>";
		};
		E401EDDC2BB41FEB0008A980 /* Components */ = {
			isa = PBXGroup;
			children = (
				E42E85182BB3372300280DB3 /* MSSettingsImage.swift */,
				E401EDDD2BB420100008A980 /* MSImageButton.swift */,
				E41FA0F42BB753C900068A94 /* MSLoadingView.swift */,
				E41FA0F82BB75C0300068A94 /* MSBoardDivider.swift */,
			);
			path = Components;
			sourceTree = "<group>";
		};
		E401EDDF2BB432690008A980 /* Game */ = {
			isa = PBXGroup;
			children = (
				E401EDE02BB432800008A980 /* MSGameView.swift */,
				E401EDE22BB432DF0008A980 /* MSGameVM.swift */,
			);
			path = Game;
			sourceTree = "<group>";
		};
		E42E84C62BB317D900280DB3 = {
			isa = PBXGroup;
			children = (
				E42E84D12BB317D900280DB3 /* Minesweeper 3D */,
				E42E84D02BB317D900280DB3 /* Products */,
			);
			sourceTree = "<group>";
		};
		E42E84D02BB317D900280DB3 /* Products */ = {
			isa = PBXGroup;
			children = (
				E42E84CF2BB317D900280DB3 /* Minesweeper 3D debug.app */,
			);
			name = Products;
			sourceTree = "<group>";
		};
		E42E84D12BB317D900280DB3 /* Minesweeper 3D */ = {
			isa = PBXGroup;
			children = (
				E42E84E12BB3182A00280DB3 /* App */,
				E42E84E52BB31D9900280DB3 /* Helpers */,
				E42E84FF2BB32A0A00280DB3 /* Models */,
				E42E84E32BB31BA900280DB3 /* Modules */,
				E42E84D92BB317DA00280DB3 /* Preview Content */,
				E42E84E22BB3184300280DB3 /* Resources */,
				E401EDDC2BB41FEB0008A980 /* Components */,
			);
			path = "Minesweeper 3D";
			sourceTree = "<group>";
		};
		E42E84D92BB317DA00280DB3 /* Preview Content */ = {
			isa = PBXGroup;
			children = (
				E42E84DA2BB317DA00280DB3 /* Preview Assets.xcassets */,
			);
			path = "Preview Content";
			sourceTree = "<group>";
		};
		E42E84E12BB3182A00280DB3 /* App */ = {
			isa = PBXGroup;
			children = (
				E42E84D82BB317DA00280DB3 /* Minesweeper_3D.entitlements */,
				E42E84D22BB317D900280DB3 /* Minesweeper_3DApp.swift */,
			);
			path = App;
			sourceTree = "<group>";
		};
		E42E84E22BB3184300280DB3 /* Resources */ = {
			isa = PBXGroup;
			children = (
				E42E84D62BB317DA00280DB3 /* Assets.xcassets */,
				E42E84EE2BB3250F00280DB3 /* MSTexts.swift */,
				E42E84F42BB325A100280DB3 /* Localizable.strings */,
			);
			path = Resources;
			sourceTree = "<group>";
		};
		E42E84E32BB31BA900280DB3 /* Modules */ = {
			isa = PBXGroup;
			children = (
				E401EDDF2BB432690008A980 /* Game */,
				E42E84FD2BB329EA00280DB3 /* Settings */,
				E42E84E42BB31BB900280DB3 /* Main */,
			);
			path = Modules;
			sourceTree = "<group>";
		};
		E42E84E42BB31BB900280DB3 /* Main */ = {
			isa = PBXGroup;
			children = (
				E42E84EA2BB31F2900280DB3 /* MSMainView.swift */,
				E42E84EC2BB3224000280DB3 /* MSMainVM.swift */,
			);
			path = Main;
			sourceTree = "<group>";
		};
		E42E84E52BB31D9900280DB3 /* Helpers */ = {
			isa = PBXGroup;
			children = (
				E42E84E62BB31DAF00280DB3 /* MSAppState.swift */,
				E42E85042BB32D6300280DB3 /* MSConstants.swift */,
				E42E84E82BB31E1E00280DB3 /* MSLogger.swift */,
				E42E84F62BB3264500280DB3 /* MSRealmManager.swift */,
				E401EDE82BB458140008A980 /* MSUtils.swift */,
			);
			path = Helpers;
			sourceTree = "<group>";
		};
		E42E84FD2BB329EA00280DB3 /* Settings */ = {
			isa = PBXGroup;
			children = (
				E42E85062BB32E6A00280DB3 /* MSSettingsView.swift */,
				E42E85082BB32E8E00280DB3 /* MSSettingsVM.swift */,
			);
			path = Settings;
			sourceTree = "<group>";
		};
		E42E84FF2BB32A0A00280DB3 /* Models */ = {
			isa = PBXGroup;
			children = (
				E401EDD92BB41C2B0008A980 /* Realm */,
				E42E85112BB336B500280DB3 /* Images */,
				E42E850A2BB335F300280DB3 /* Language */,
				E42E850F2BB3365800280DB3 /* MSNavigations.swift */,
				E42E85002BB32A1800280DB3 /* MSSettings.swift */,
				E401EDE42BB433070008A980 /* MSGameStatus.swift */,
				E401EDE62BB433E80008A980 /* MSGameAlertType.swift */,
				E41FA0F62BB75ABE00068A94 /* MSAction.swift */,
			);
			path = Models;
			sourceTree = "<group>";
		};
		E42E850A2BB335F300280DB3 /* Language */ = {
			isa = PBXGroup;
			children = (
				E42E85022BB32B6300280DB3 /* MSLanguage.swift */,
				E42E850B2BB3360500280DB3 /* MSLanguageDescription.swift */,
				E42E850D2BB3361800280DB3 /* MSLanguageType.swift */,
			);
			path = Language;
			sourceTree = "<group>";
		};
		E42E85112BB336B500280DB3 /* Images */ = {
			isa = PBXGroup;
			children = (
				E42E85122BB336C200280DB3 /* MSImages.swift */,
				E42E85142BB336D900280DB3 /* MSSymbol.swift */,
				E42E85162BB336F900280DB3 /* MSSysImg.swift */,
			);
			path = Images;
			sourceTree = "<group>";
		};
/* End PBXGroup section */

/* Begin PBXNativeTarget section */
		E42E84CE2BB317D900280DB3 /* Minesweeper 3D */ = {
			isa = PBXNativeTarget;
			buildConfigurationList = E42E84DE2BB317DA00280DB3 /* Build configuration list for PBXNativeTarget "Minesweeper 3D" */;
			buildPhases = (
				E42E84CB2BB317D900280DB3 /* Sources */,
				E42E84CC2BB317D900280DB3 /* Frameworks */,
				E42E84CD2BB317D900280DB3 /* Resources */,
			);
			buildRules = (
			);
			dependencies = (
			);
			name = "Minesweeper 3D";
			packageProductDependencies = (
				E42E84F92BB3268800280DB3 /* Realm */,
				E42E84FB2BB3268800280DB3 /* RealmSwift */,
			);
			productName = "Minesweeper 3D";
			productReference = E42E84CF2BB317D900280DB3 /* Minesweeper 3D debug.app */;
			productType = "com.apple.product-type.application";
		};
/* End PBXNativeTarget section */

/* Begin PBXProject section */
		E42E84C72BB317D900280DB3 /* Project object */ = {
			isa = PBXProject;
			attributes = {
				BuildIndependentTargetsInParallel = 1;
				LastSwiftUpdateCheck = 1510;
				LastUpgradeCheck = 1510;
				TargetAttributes = {
					E42E84CE2BB317D900280DB3 = {
						CreatedOnToolsVersion = 15.1;
					};
				};
			};
			buildConfigurationList = E42E84CA2BB317D900280DB3 /* Build configuration list for PBXProject "Minesweeper 3D" */;
			compatibilityVersion = "Xcode 14.0";
			developmentRegion = es;
			hasScannedForEncodings = 0;
			knownRegions = (
				es,
			);
			mainGroup = E42E84C62BB317D900280DB3;
			packageReferences = (
				E42E84F82BB3268800280DB3 /* XCRemoteSwiftPackageReference "realm-swift" */,
			);
			productRefGroup = E42E84D02BB317D900280DB3 /* Products */;
			projectDirPath = "";
			projectRoot = "";
			targets = (
				E42E84CE2BB317D900280DB3 /* Minesweeper 3D */,
			);
		};
/* End PBXProject section */

/* Begin PBXResourcesBuildPhase section */
		E42E84CD2BB317D900280DB3 /* Resources */ = {
			isa = PBXResourcesBuildPhase;
			buildActionMask = 2147483647;
			files = (
				E42E84DB2BB317DA00280DB3 /* Preview Assets.xcassets in Resources */,
				E42E84F22BB325A100280DB3 /* Localizable.strings in Resources */,
				E42E84D72BB317DA00280DB3 /* Assets.xcassets in Resources */,
			);
			runOnlyForDeploymentPostprocessing = 0;
		};
/* End PBXResourcesBuildPhase section */

/* Begin PBXSourcesBuildPhase section */
		E42E84CB2BB317D900280DB3 /* Sources */ = {
			isa = PBXSourcesBuildPhase;
			buildActionMask = 2147483647;
			files = (
				E42E84EF2BB3250F00280DB3 /* MSTexts.swift in Sources */,
				E401EDE72BB433E80008A980 /* MSGameAlertType.swift in Sources */,
				E41FA0F92BB75C0300068A94 /* MSBoardDivider.swift in Sources */,
				E42E850E2BB3361800280DB3 /* MSLanguageType.swift in Sources */,
				E42E85152BB336D900280DB3 /* MSSymbol.swift in Sources */,
				E42E85052BB32D6300280DB3 /* MSConstants.swift in Sources */,
				E401EDDE2BB420100008A980 /* MSImageButton.swift in Sources */,
				E42E850C2BB3360500280DB3 /* MSLanguageDescription.swift in Sources */,
				E41FA0F72BB75ABE00068A94 /* MSAction.swift in Sources */,
				E401EDE32BB432DF0008A980 /* MSGameVM.swift in Sources */,
				E42E85172BB336F900280DB3 /* MSSysImg.swift in Sources */,
				E42E84D32BB317D900280DB3 /* Minesweeper_3DApp.swift in Sources */,
				E42E84E72BB31DAF00280DB3 /* MSAppState.swift in Sources */,
				E42E85032BB32B6300280DB3 /* MSLanguage.swift in Sources */,
				E401EDE52BB433070008A980 /* MSGameStatus.swift in Sources */,
				E42E84E92BB31E1E00280DB3 /* MSLogger.swift in Sources */,
				E41FA0F52BB753C900068A94 /* MSLoadingView.swift in Sources */,
				E42E85012BB32A1800280DB3 /* MSSettings.swift in Sources */,
				E42E84ED2BB3224000280DB3 /* MSMainVM.swift in Sources */,
				E401EDDB2BB41C380008A980 /* RealmSettings.swift in Sources */,
				E42E84F72BB3264500280DB3 /* MSRealmManager.swift in Sources */,
				E42E85092BB32E8E00280DB3 /* MSSettingsVM.swift in Sources */,
				E401EDE92BB458140008A980 /* MSUtils.swift in Sources */,
				E42E84EB2BB31F2900280DB3 /* MSMainView.swift in Sources */,
				E42E85102BB3365800280DB3 /* MSNavigations.swift in Sources */,
				E401EDE12BB432800008A980 /* MSGameView.swift in Sources */,
				E42E85192BB3372300280DB3 /* MSSettingsImage.swift in Sources */,
				E42E85072BB32E6A00280DB3 /* MSSettingsView.swift in Sources */,
				E42E85132BB336C200280DB3 /* MSImages.swift in Sources */,
			);
			runOnlyForDeploymentPostprocessing = 0;
		};
/* End PBXSourcesBuildPhase section */

/* Begin PBXVariantGroup section */
		E42E84F42BB325A100280DB3 /* Localizable.strings */ = {
			isa = PBXVariantGroup;
			children = (
				E42E84F52BB325BA00280DB3 /* es */,
			);
			name = Localizable.strings;
			sourceTree = "<group>";
		};
/* End PBXVariantGroup section */

/* Begin XCBuildConfiguration section */
		E42E84DC2BB317DA00280DB3 /* Debug */ = {
			isa = XCBuildConfiguration;
			buildSettings = {
				ALWAYS_SEARCH_USER_PATHS = NO;
				ASSETCATALOG_COMPILER_GENERATE_SWIFT_ASSET_SYMBOL_EXTENSIONS = YES;
				CLANG_ANALYZER_LOCALIZABILITY_NONLOCALIZED = YES;
				CLANG_ANALYZER_NONNULL = YES;
				CLANG_ANALYZER_NUMBER_OBJECT_CONVERSION = YES_AGGRESSIVE;
				CLANG_CXX_LANGUAGE_STANDARD = "gnu++20";
				CLANG_ENABLE_MODULES = YES;
				CLANG_ENABLE_OBJC_ARC = YES;
				CLANG_ENABLE_OBJC_WEAK = YES;
				CLANG_WARN_BLOCK_CAPTURE_AUTORELEASING = YES;
				CLANG_WARN_BOOL_CONVERSION = YES;
				CLANG_WARN_COMMA = YES;
				CLANG_WARN_CONSTANT_CONVERSION = YES;
				CLANG_WARN_DEPRECATED_OBJC_IMPLEMENTATIONS = YES;
				CLANG_WARN_DIRECT_OBJC_ISA_USAGE = YES_ERROR;
				CLANG_WARN_DOCUMENTATION_COMMENTS = YES;
				CLANG_WARN_EMPTY_BODY = YES;
				CLANG_WARN_ENUM_CONVERSION = YES;
				CLANG_WARN_INFINITE_RECURSION = YES;
				CLANG_WARN_INT_CONVERSION = YES;
				CLANG_WARN_NON_LITERAL_NULL_CONVERSION = YES;
				CLANG_WARN_OBJC_IMPLICIT_RETAIN_SELF = YES;
				CLANG_WARN_OBJC_LITERAL_CONVERSION = YES;
				CLANG_WARN_OBJC_ROOT_CLASS = YES_ERROR;
				CLANG_WARN_QUOTED_INCLUDE_IN_FRAMEWORK_HEADER = YES;
				CLANG_WARN_RANGE_LOOP_ANALYSIS = YES;
				CLANG_WARN_STRICT_PROTOTYPES = YES;
				CLANG_WARN_SUSPICIOUS_MOVE = YES;
				CLANG_WARN_UNGUARDED_AVAILABILITY = YES_AGGRESSIVE;
				CLANG_WARN_UNREACHABLE_CODE = YES;
				CLANG_WARN__DUPLICATE_METHOD_MATCH = YES;
				COPY_PHASE_STRIP = NO;
				DEBUG_INFORMATION_FORMAT = dwarf;
				ENABLE_STRICT_OBJC_MSGSEND = YES;
				ENABLE_TESTABILITY = YES;
				ENABLE_USER_SCRIPT_SANDBOXING = YES;
				GCC_C_LANGUAGE_STANDARD = gnu17;
				GCC_DYNAMIC_NO_PIC = NO;
				GCC_NO_COMMON_BLOCKS = YES;
				GCC_OPTIMIZATION_LEVEL = 0;
				GCC_PREPROCESSOR_DEFINITIONS = (
					"DEBUG=1",
					"$(inherited)",
				);
				GCC_WARN_64_TO_32_BIT_CONVERSION = YES;
				GCC_WARN_ABOUT_RETURN_TYPE = YES_ERROR;
				GCC_WARN_UNDECLARED_SELECTOR = YES;
				GCC_WARN_UNINITIALIZED_AUTOS = YES_AGGRESSIVE;
				GCC_WARN_UNUSED_FUNCTION = YES;
				GCC_WARN_UNUSED_VARIABLE = YES;
				LOCALIZATION_PREFERS_STRING_CATALOGS = YES;
				MTL_ENABLE_DEBUG_INFO = INCLUDE_SOURCE;
				MTL_FAST_MATH = YES;
				ONLY_ACTIVE_ARCH = YES;
				SWIFT_ACTIVE_COMPILATION_CONDITIONS = "DEBUG $(inherited)";
				SWIFT_OPTIMIZATION_LEVEL = "-Onone";
			};
			name = Debug;
		};
		E42E84DD2BB317DA00280DB3 /* Release */ = {
			isa = XCBuildConfiguration;
			buildSettings = {
				ALWAYS_SEARCH_USER_PATHS = NO;
				ASSETCATALOG_COMPILER_GENERATE_SWIFT_ASSET_SYMBOL_EXTENSIONS = YES;
				CLANG_ANALYZER_LOCALIZABILITY_NONLOCALIZED = YES;
				CLANG_ANALYZER_NONNULL = YES;
				CLANG_ANALYZER_NUMBER_OBJECT_CONVERSION = YES_AGGRESSIVE;
				CLANG_CXX_LANGUAGE_STANDARD = "gnu++20";
				CLANG_ENABLE_MODULES = YES;
				CLANG_ENABLE_OBJC_ARC = YES;
				CLANG_ENABLE_OBJC_WEAK = YES;
				CLANG_WARN_BLOCK_CAPTURE_AUTORELEASING = YES;
				CLANG_WARN_BOOL_CONVERSION = YES;
				CLANG_WARN_COMMA = YES;
				CLANG_WARN_CONSTANT_CONVERSION = YES;
				CLANG_WARN_DEPRECATED_OBJC_IMPLEMENTATIONS = YES;
				CLANG_WARN_DIRECT_OBJC_ISA_USAGE = YES_ERROR;
				CLANG_WARN_DOCUMENTATION_COMMENTS = YES;
				CLANG_WARN_EMPTY_BODY = YES;
				CLANG_WARN_ENUM_CONVERSION = YES;
				CLANG_WARN_INFINITE_RECURSION = YES;
				CLANG_WARN_INT_CONVERSION = YES;
				CLANG_WARN_NON_LITERAL_NULL_CONVERSION = YES;
				CLANG_WARN_OBJC_IMPLICIT_RETAIN_SELF = YES;
				CLANG_WARN_OBJC_LITERAL_CONVERSION = YES;
				CLANG_WARN_OBJC_ROOT_CLASS = YES_ERROR;
				CLANG_WARN_QUOTED_INCLUDE_IN_FRAMEWORK_HEADER = YES;
				CLANG_WARN_RANGE_LOOP_ANALYSIS = YES;
				CLANG_WARN_STRICT_PROTOTYPES = YES;
				CLANG_WARN_SUSPICIOUS_MOVE = YES;
				CLANG_WARN_UNGUARDED_AVAILABILITY = YES_AGGRESSIVE;
				CLANG_WARN_UNREACHABLE_CODE = YES;
				CLANG_WARN__DUPLICATE_METHOD_MATCH = YES;
				COPY_PHASE_STRIP = NO;
				DEBUG_INFORMATION_FORMAT = "dwarf-with-dsym";
				ENABLE_NS_ASSERTIONS = NO;
				ENABLE_STRICT_OBJC_MSGSEND = YES;
				ENABLE_USER_SCRIPT_SANDBOXING = YES;
				GCC_C_LANGUAGE_STANDARD = gnu17;
				GCC_NO_COMMON_BLOCKS = YES;
				GCC_WARN_64_TO_32_BIT_CONVERSION = YES;
				GCC_WARN_ABOUT_RETURN_TYPE = YES_ERROR;
				GCC_WARN_UNDECLARED_SELECTOR = YES;
				GCC_WARN_UNINITIALIZED_AUTOS = YES_AGGRESSIVE;
				GCC_WARN_UNUSED_FUNCTION = YES;
				GCC_WARN_UNUSED_VARIABLE = YES;
				LOCALIZATION_PREFERS_STRING_CATALOGS = YES;
				MTL_ENABLE_DEBUG_INFO = NO;
				MTL_FAST_MATH = YES;
				SWIFT_COMPILATION_MODE = wholemodule;
			};
			name = Release;
		};
		E42E84DF2BB317DA00280DB3 /* Debug */ = {
			isa = XCBuildConfiguration;
			buildSettings = {
				ASSETCATALOG_COMPILER_APPICON_NAME = AppIcon;
				ASSETCATALOG_COMPILER_GLOBAL_ACCENT_COLOR_NAME = AccentColor;
				CODE_SIGN_ENTITLEMENTS = "Minesweeper 3D/App/Minesweeper_3D.entitlements";
				CODE_SIGN_STYLE = Automatic;
				CURRENT_PROJECT_VERSION = 1;
				DEVELOPMENT_ASSET_PATHS = "\"Minesweeper 3D/Preview Content\"";
				DEVELOPMENT_TEAM = FLYLZ94A58;
				ENABLE_HARDENED_RUNTIME = YES;
				ENABLE_PREVIEWS = YES;
				GENERATE_INFOPLIST_FILE = YES;
				INFOPLIST_KEY_LSApplicationCategoryType = "public.app-category.board-games";
				"INFOPLIST_KEY_UIApplicationSceneManifest_Generation[sdk=iphoneos*]" = YES;
				"INFOPLIST_KEY_UIApplicationSceneManifest_Generation[sdk=iphonesimulator*]" = YES;
				"INFOPLIST_KEY_UIApplicationSupportsIndirectInputEvents[sdk=iphoneos*]" = YES;
				"INFOPLIST_KEY_UIApplicationSupportsIndirectInputEvents[sdk=iphonesimulator*]" = YES;
				"INFOPLIST_KEY_UILaunchScreen_Generation[sdk=iphoneos*]" = YES;
				"INFOPLIST_KEY_UILaunchScreen_Generation[sdk=iphonesimulator*]" = YES;
				"INFOPLIST_KEY_UIStatusBarStyle[sdk=iphoneos*]" = UIStatusBarStyleDefault;
				"INFOPLIST_KEY_UIStatusBarStyle[sdk=iphonesimulator*]" = UIStatusBarStyleDefault;
				INFOPLIST_KEY_UISupportedInterfaceOrientations = UIInterfaceOrientationPortrait;
				IPHONEOS_DEPLOYMENT_TARGET = 16.0;
				LD_RUNPATH_SEARCH_PATHS = "@executable_path/Frameworks";
				"LD_RUNPATH_SEARCH_PATHS[sdk=macosx*]" = "@executable_path/../Frameworks";
				MACOSX_DEPLOYMENT_TARGET = 14.2;
				MARKETING_VERSION = 1.0;
				PRODUCT_BUNDLE_IDENTIFIER = "com.alpha-dvlpr.Minesweeper-3D.debug";
				PRODUCT_MODULE_NAME = "$(PRODUCT_NAME:c99extidentifier)";
				PRODUCT_NAME = "$(TARGET_NAME) debug";
				SDKROOT = auto;
				SUPPORTED_PLATFORMS = "iphoneos iphonesimulator";
				SUPPORTS_MACCATALYST = NO;
				SWIFT_EMIT_LOC_STRINGS = YES;
				SWIFT_VERSION = 5.0;
				TARGETED_DEVICE_FAMILY = "1,2";
			};
			name = Debug;
		};
		E42E84E02BB317DA00280DB3 /* Release */ = {
			isa = XCBuildConfiguration;
			buildSettings = {
				ASSETCATALOG_COMPILER_APPICON_NAME = AppIcon;
				ASSETCATALOG_COMPILER_GLOBAL_ACCENT_COLOR_NAME = AccentColor;
				CODE_SIGN_ENTITLEMENTS = "Minesweeper 3D/App/Minesweeper_3D.entitlements";
				CODE_SIGN_STYLE = Automatic;
				CURRENT_PROJECT_VERSION = 1;
				DEVELOPMENT_ASSET_PATHS = "\"Minesweeper 3D/Preview Content\"";
				DEVELOPMENT_TEAM = FLYLZ94A58;
				ENABLE_HARDENED_RUNTIME = YES;
				ENABLE_PREVIEWS = YES;
				GENERATE_INFOPLIST_FILE = YES;
				INFOPLIST_KEY_LSApplicationCategoryType = "public.app-category.board-games";
				"INFOPLIST_KEY_UIApplicationSceneManifest_Generation[sdk=iphoneos*]" = YES;
				"INFOPLIST_KEY_UIApplicationSceneManifest_Generation[sdk=iphonesimulator*]" = YES;
				"INFOPLIST_KEY_UIApplicationSupportsIndirectInputEvents[sdk=iphoneos*]" = YES;
				"INFOPLIST_KEY_UIApplicationSupportsIndirectInputEvents[sdk=iphonesimulator*]" = YES;
				"INFOPLIST_KEY_UILaunchScreen_Generation[sdk=iphoneos*]" = YES;
				"INFOPLIST_KEY_UILaunchScreen_Generation[sdk=iphonesimulator*]" = YES;
				"INFOPLIST_KEY_UIStatusBarStyle[sdk=iphoneos*]" = UIStatusBarStyleDefault;
				"INFOPLIST_KEY_UIStatusBarStyle[sdk=iphonesimulator*]" = UIStatusBarStyleDefault;
				INFOPLIST_KEY_UISupportedInterfaceOrientations = UIInterfaceOrientationPortrait;
				IPHONEOS_DEPLOYMENT_TARGET = 16.0;
				LD_RUNPATH_SEARCH_PATHS = "@executable_path/Frameworks";
				"LD_RUNPATH_SEARCH_PATHS[sdk=macosx*]" = "@executable_path/../Frameworks";
				MACOSX_DEPLOYMENT_TARGET = 14.2;
				MARKETING_VERSION = 1.0;
				PRODUCT_BUNDLE_IDENTIFIER = "com.alpha-dvlpr.Minesweeper-3D";
				PRODUCT_NAME = "$(TARGET_NAME)";
				SDKROOT = auto;
				SUPPORTED_PLATFORMS = "iphoneos iphonesimulator";
				SUPPORTS_MACCATALYST = NO;
				SWIFT_EMIT_LOC_STRINGS = YES;
				SWIFT_VERSION = 5.0;
				TARGETED_DEVICE_FAMILY = "1,2";
			};
			name = Release;
		};
/* End XCBuildConfiguration section */

/* Begin XCConfigurationList section */
		E42E84CA2BB317D900280DB3 /* Build configuration list for PBXProject "Minesweeper 3D" */ = {
			isa = XCConfigurationList;
			buildConfigurations = (
				E42E84DC2BB317DA00280DB3 /* Debug */,
				E42E84DD2BB317DA00280DB3 /* Release */,
			);
			defaultConfigurationIsVisible = 0;
			defaultConfigurationName = Release;
		};
		E42E84DE2BB317DA00280DB3 /* Build configuration list for PBXNativeTarget "Minesweeper 3D" */ = {
			isa = XCConfigurationList;
			buildConfigurations = (
				E42E84DF2BB317DA00280DB3 /* Debug */,
				E42E84E02BB317DA00280DB3 /* Release */,
			);
			defaultConfigurationIsVisible = 0;
			defaultConfigurationName = Release;
		};
/* End XCConfigurationList section */

/* Begin XCRemoteSwiftPackageReference section */
		E42E84F82BB3268800280DB3 /* XCRemoteSwiftPackageReference "realm-swift" */ = {
			isa = XCRemoteSwiftPackageReference;
			repositoryURL = "https://github.com/realm/realm-swift.git";
			requirement = {
				branch = master;
				kind = branch;
			};
		};
/* End XCRemoteSwiftPackageReference section */

/* Begin XCSwiftPackageProductDependency section */
		E42E84F92BB3268800280DB3 /* Realm */ = {
			isa = XCSwiftPackageProductDependency;
			package = E42E84F82BB3268800280DB3 /* XCRemoteSwiftPackageReference "realm-swift" */;
			productName = Realm;
		};
		E42E84FB2BB3268800280DB3 /* RealmSwift */ = {
			isa = XCSwiftPackageProductDependency;
			package = E42E84F82BB3268800280DB3 /* XCRemoteSwiftPackageReference "realm-swift" */;
			productName = RealmSwift;
		};
/* End XCSwiftPackageProductDependency section */
	};
	rootObject = E42E84C72BB317D900280DB3 /* Project object */;
}
