// !$*UTF8*$!
{
	archiveVersion = 1;
	classes = {
	};
	objectVersion = 51;
	objects = {

/* Begin PBXBuildFile section */
		7F41235C772FD882170B5F34 /* Pods_Minesweeper_3D.framework in Frameworks */ = {isa = PBXBuildFile; fileRef = D2A15E5E4F34C4D1F6AD6812 /* Pods_Minesweeper_3D.framework */; };
		933A4583264ED71100BDE2AA /* CellType.swift in Sources */ = {isa = PBXBuildFile; fileRef = 933A4582264ED71100BDE2AA /* CellType.swift */; };
		933A4586264ED73900BDE2AA /* Cell.swift in Sources */ = {isa = PBXBuildFile; fileRef = 933A4585264ED73900BDE2AA /* Cell.swift */; };
		933A4589264EEC6600BDE2AA /* Collection_EXT.swift in Sources */ = {isa = PBXBuildFile; fileRef = 933A4588264EEC6600BDE2AA /* Collection_EXT.swift */; };
		934C6862264C54FC00099424 /* GameBoardVM.swift in Sources */ = {isa = PBXBuildFile; fileRef = 934C6861264C54FC00099424 /* GameBoardVM.swift */; };
		934C6865264C567C00099424 /* Face.swift in Sources */ = {isa = PBXBuildFile; fileRef = 934C6864264C567B00099424 /* Face.swift */; };
		934C686C264C75A000099424 /* Direction.swift in Sources */ = {isa = PBXBuildFile; fileRef = 934C686B264C75A000099424 /* Direction.swift */; };
		934C6870264C75B800099424 /* GameStatus.swift in Sources */ = {isa = PBXBuildFile; fileRef = 934C686F264C75B700099424 /* GameStatus.swift */; };
		934C6873264C75E200099424 /* CoreDataKeys.swift in Sources */ = {isa = PBXBuildFile; fileRef = 934C6872264C75E200099424 /* CoreDataKeys.swift */; };
		934C687B264C783500099424 /* Constants.swift in Sources */ = {isa = PBXBuildFile; fileRef = 934C687A264C783500099424 /* Constants.swift */; };
		9392D580264817CC000C858B /* Minesweeper_3DApp.swift in Sources */ = {isa = PBXBuildFile; fileRef = 9392D57F264817CC000C858B /* Minesweeper_3DApp.swift */; };
		9392D584264817D1000C858B /* Assets.xcassets in Resources */ = {isa = PBXBuildFile; fileRef = 9392D583264817D1000C858B /* Assets.xcassets */; };
		9392D587264817D1000C858B /* Preview Assets.xcassets in Resources */ = {isa = PBXBuildFile; fileRef = 9392D586264817D1000C858B /* Preview Assets.xcassets */; };
		9392D59526481B13000C858B /* MainVC.swift in Sources */ = {isa = PBXBuildFile; fileRef = 9392D59426481B13000C858B /* MainVC.swift */; };
		93CBB0CC2649EF89009A8E53 /* AppSate.swift in Sources */ = {isa = PBXBuildFile; fileRef = 93CBB0CB2649EF89009A8E53 /* AppSate.swift */; };
		93DE280626580AF9007444E3 /* View_EXT.swift in Sources */ = {isa = PBXBuildFile; fileRef = 93DE280526580AF9007444E3 /* View_EXT.swift */; };
		93DE280B26580FE3007444E3 /* Settings.swift in Sources */ = {isa = PBXBuildFile; fileRef = 93DE280A26580FE3007444E3 /* Settings.swift */; };
		93F0DB7226481FB90022F976 /* ImageButton.swift in Sources */ = {isa = PBXBuildFile; fileRef = 93F0DB7126481FB90022F976 /* ImageButton.swift */; };
		93F0DB7C26483C310022F976 /* Texts.swift in Sources */ = {isa = PBXBuildFile; fileRef = 93F0DB7B26483C310022F976 /* Texts.swift */; };
		93F0DB8126483D2B0022F976 /* SettingsVC.swift in Sources */ = {isa = PBXBuildFile; fileRef = 93F0DB8026483D2B0022F976 /* SettingsVC.swift */; };
		93F0DB86264847AF0022F976 /* Images.swift in Sources */ = {isa = PBXBuildFile; fileRef = 93F0DB85264847AF0022F976 /* Images.swift */; };
		93F0DB91264865F40022F976 /* SettingsVM.swift in Sources */ = {isa = PBXBuildFile; fileRef = 93F0DB90264865F40022F976 /* SettingsVM.swift */; };
		93F0DB96264868070022F976 /* CoreDataController.swift in Sources */ = {isa = PBXBuildFile; fileRef = 93F0DB95264868070022F976 /* CoreDataController.swift */; };
		93FE38CB2649B45700A78B84 /* Localized.strings in Resources */ = {isa = PBXBuildFile; fileRef = 93FE38CD2649B45700A78B84 /* Localized.strings */; };
		93FE38D22649B84D00A78B84 /* Language.swift in Sources */ = {isa = PBXBuildFile; fileRef = 93FE38D12649B84D00A78B84 /* Language.swift */; };
		E468F6DD265D26ED0081ACD7 /* KeyboardListener.swift in Sources */ = {isa = PBXBuildFile; fileRef = E468F6DC265D26ED0081ACD7 /* KeyboardListener.swift */; };
		E4CF5186264BF4780058FED5 /* GameBoardVC.swift in Sources */ = {isa = PBXBuildFile; fileRef = E4CF5185264BF4780058FED5 /* GameBoardVC.swift */; };
		E4CF5188264BF6820058FED5 /* VerticalHintCell.swift in Sources */ = {isa = PBXBuildFile; fileRef = E4CF5187264BF6820058FED5 /* VerticalHintCell.swift */; };
		E4CF518A264BF9DE0058FED5 /* HorizontalHintCell.swift in Sources */ = {isa = PBXBuildFile; fileRef = E4CF5189264BF9DE0058FED5 /* HorizontalHintCell.swift */; };
		E4CF518C264BFF330058FED5 /* GameBoardCell.swift in Sources */ = {isa = PBXBuildFile; fileRef = E4CF518B264BFF330058FED5 /* GameBoardCell.swift */; };
		E4CF518E264C12DD0058FED5 /* Utils.swift in Sources */ = {isa = PBXBuildFile; fileRef = E4CF518D264C12DD0058FED5 /* Utils.swift */; };
/* End PBXBuildFile section */

/* Begin PBXFileReference section */
		933A4582264ED71100BDE2AA /* CellType.swift */ = {isa = PBXFileReference; lastKnownFileType = sourcecode.swift; path = CellType.swift; sourceTree = "<group>"; };
		933A4585264ED73900BDE2AA /* Cell.swift */ = {isa = PBXFileReference; lastKnownFileType = sourcecode.swift; path = Cell.swift; sourceTree = "<group>"; };
		933A4588264EEC6600BDE2AA /* Collection_EXT.swift */ = {isa = PBXFileReference; lastKnownFileType = sourcecode.swift; path = Collection_EXT.swift; sourceTree = "<group>"; };
		934C6861264C54FC00099424 /* GameBoardVM.swift */ = {isa = PBXFileReference; lastKnownFileType = sourcecode.swift; path = GameBoardVM.swift; sourceTree = "<group>"; };
		934C6864264C567B00099424 /* Face.swift */ = {isa = PBXFileReference; lastKnownFileType = sourcecode.swift; path = Face.swift; sourceTree = "<group>"; };
		934C686B264C75A000099424 /* Direction.swift */ = {isa = PBXFileReference; lastKnownFileType = sourcecode.swift; path = Direction.swift; sourceTree = "<group>"; };
		934C686F264C75B700099424 /* GameStatus.swift */ = {isa = PBXFileReference; lastKnownFileType = sourcecode.swift; path = GameStatus.swift; sourceTree = "<group>"; };
		934C6872264C75E200099424 /* CoreDataKeys.swift */ = {isa = PBXFileReference; lastKnownFileType = sourcecode.swift; path = CoreDataKeys.swift; sourceTree = "<group>"; };
		934C687A264C783500099424 /* Constants.swift */ = {isa = PBXFileReference; lastKnownFileType = sourcecode.swift; path = Constants.swift; sourceTree = "<group>"; };
		9392D57C264817CC000C858B /* Minesweeper 3D.app */ = {isa = PBXFileReference; explicitFileType = wrapper.application; includeInIndex = 0; path = "Minesweeper 3D.app"; sourceTree = BUILT_PRODUCTS_DIR; };
		9392D57F264817CC000C858B /* Minesweeper_3DApp.swift */ = {isa = PBXFileReference; lastKnownFileType = sourcecode.swift; path = Minesweeper_3DApp.swift; sourceTree = "<group>"; };
		9392D583264817D1000C858B /* Assets.xcassets */ = {isa = PBXFileReference; lastKnownFileType = folder.assetcatalog; path = Assets.xcassets; sourceTree = "<group>"; };
		9392D586264817D1000C858B /* Preview Assets.xcassets */ = {isa = PBXFileReference; lastKnownFileType = folder.assetcatalog; path = "Preview Assets.xcassets"; sourceTree = "<group>"; };
		9392D588264817D1000C858B /* Info.plist */ = {isa = PBXFileReference; lastKnownFileType = text.plist.xml; path = Info.plist; sourceTree = "<group>"; };
		9392D59426481B13000C858B /* MainVC.swift */ = {isa = PBXFileReference; lastKnownFileType = sourcecode.swift; path = MainVC.swift; sourceTree = "<group>"; };
		93CBB0CB2649EF89009A8E53 /* AppSate.swift */ = {isa = PBXFileReference; lastKnownFileType = sourcecode.swift; path = AppSate.swift; sourceTree = "<group>"; };
		93DE280526580AF9007444E3 /* View_EXT.swift */ = {isa = PBXFileReference; lastKnownFileType = sourcecode.swift; path = View_EXT.swift; sourceTree = "<group>"; };
		93DE280A26580FE3007444E3 /* Settings.swift */ = {isa = PBXFileReference; lastKnownFileType = sourcecode.swift; path = Settings.swift; sourceTree = "<group>"; };
		93F0DB7126481FB90022F976 /* ImageButton.swift */ = {isa = PBXFileReference; lastKnownFileType = sourcecode.swift; path = ImageButton.swift; sourceTree = "<group>"; };
		93F0DB7B26483C310022F976 /* Texts.swift */ = {isa = PBXFileReference; lastKnownFileType = sourcecode.swift; path = Texts.swift; sourceTree = "<group>"; };
		93F0DB8026483D2B0022F976 /* SettingsVC.swift */ = {isa = PBXFileReference; lastKnownFileType = sourcecode.swift; path = SettingsVC.swift; sourceTree = "<group>"; };
		93F0DB85264847AF0022F976 /* Images.swift */ = {isa = PBXFileReference; lastKnownFileType = sourcecode.swift; path = Images.swift; sourceTree = "<group>"; };
		93F0DB90264865F40022F976 /* SettingsVM.swift */ = {isa = PBXFileReference; lastKnownFileType = sourcecode.swift; path = SettingsVM.swift; sourceTree = "<group>"; };
		93F0DB95264868070022F976 /* CoreDataController.swift */ = {isa = PBXFileReference; lastKnownFileType = sourcecode.swift; path = CoreDataController.swift; sourceTree = "<group>"; };
		93FE38CC2649B45700A78B84 /* en */ = {isa = PBXFileReference; lastKnownFileType = text.plist.strings; name = en; path = en.lproj/Localized.strings; sourceTree = "<group>"; };
		93FE38CF2649B46000A78B84 /* es */ = {isa = PBXFileReference; lastKnownFileType = text.plist.strings; name = es; path = es.lproj/Localized.strings; sourceTree = "<group>"; };
		93FE38D12649B84D00A78B84 /* Language.swift */ = {isa = PBXFileReference; lastKnownFileType = sourcecode.swift; path = Language.swift; sourceTree = "<group>"; };
		93FE38D72649C4DA00A78B84 /* ca-ES */ = {isa = PBXFileReference; lastKnownFileType = text.plist.strings; name = "ca-ES"; path = "ca-ES.lproj/Localized.strings"; sourceTree = "<group>"; };
		B2D993DEE2D6D76A9E5221D5 /* Pods-Minesweeper 3D.release.xcconfig */ = {isa = PBXFileReference; includeInIndex = 1; lastKnownFileType = text.xcconfig; name = "Pods-Minesweeper 3D.release.xcconfig"; path = "Target Support Files/Pods-Minesweeper 3D/Pods-Minesweeper 3D.release.xcconfig"; sourceTree = "<group>"; };
		C09E57D4C7D10CF86D2E73F6 /* Pods-Minesweeper 3D.debug.xcconfig */ = {isa = PBXFileReference; includeInIndex = 1; lastKnownFileType = text.xcconfig; name = "Pods-Minesweeper 3D.debug.xcconfig"; path = "Target Support Files/Pods-Minesweeper 3D/Pods-Minesweeper 3D.debug.xcconfig"; sourceTree = "<group>"; };
		D2A15E5E4F34C4D1F6AD6812 /* Pods_Minesweeper_3D.framework */ = {isa = PBXFileReference; explicitFileType = wrapper.framework; includeInIndex = 0; path = Pods_Minesweeper_3D.framework; sourceTree = BUILT_PRODUCTS_DIR; };
		E468F6DC265D26ED0081ACD7 /* KeyboardListener.swift */ = {isa = PBXFileReference; lastKnownFileType = sourcecode.swift; path = KeyboardListener.swift; sourceTree = "<group>"; };
		E4CF5185264BF4780058FED5 /* GameBoardVC.swift */ = {isa = PBXFileReference; lastKnownFileType = sourcecode.swift; path = GameBoardVC.swift; sourceTree = "<group>"; };
		E4CF5187264BF6820058FED5 /* VerticalHintCell.swift */ = {isa = PBXFileReference; lastKnownFileType = sourcecode.swift; path = VerticalHintCell.swift; sourceTree = "<group>"; };
		E4CF5189264BF9DE0058FED5 /* HorizontalHintCell.swift */ = {isa = PBXFileReference; lastKnownFileType = sourcecode.swift; path = HorizontalHintCell.swift; sourceTree = "<group>"; };
		E4CF518B264BFF330058FED5 /* GameBoardCell.swift */ = {isa = PBXFileReference; lastKnownFileType = sourcecode.swift; path = GameBoardCell.swift; sourceTree = "<group>"; };
		E4CF518D264C12DD0058FED5 /* Utils.swift */ = {isa = PBXFileReference; lastKnownFileType = sourcecode.swift; path = Utils.swift; sourceTree = "<group>"; };
/* End PBXFileReference section */

/* Begin PBXFrameworksBuildPhase section */
		9392D579264817CC000C858B /* Frameworks */ = {
			isa = PBXFrameworksBuildPhase;
			buildActionMask = 2147483647;
			files = (
				7F41235C772FD882170B5F34 /* Pods_Minesweeper_3D.framework in Frameworks */,
			);
			runOnlyForDeploymentPostprocessing = 0;
		};
/* End PBXFrameworksBuildPhase section */

/* Begin PBXGroup section */
		3DA8088983A7EFD893AB0016 /* Frameworks */ = {
			isa = PBXGroup;
			children = (
				D2A15E5E4F34C4D1F6AD6812 /* Pods_Minesweeper_3D.framework */,
			);
			name = Frameworks;
			sourceTree = "<group>";
		};
		490AC1E5B7C53E31F386FADF /* Pods */ = {
			isa = PBXGroup;
			children = (
				C09E57D4C7D10CF86D2E73F6 /* Pods-Minesweeper 3D.debug.xcconfig */,
				B2D993DEE2D6D76A9E5221D5 /* Pods-Minesweeper 3D.release.xcconfig */,
			);
			path = Pods;
			sourceTree = "<group>";
		};
		934C6869264C757C00099424 /* Views */ = {
			isa = PBXGroup;
			children = (
				E4CF518B264BFF330058FED5 /* GameBoardCell.swift */,
				E4CF5189264BF9DE0058FED5 /* HorizontalHintCell.swift */,
				E4CF5187264BF6820058FED5 /* VerticalHintCell.swift */,
			);
			path = Views;
			sourceTree = "<group>";
		};
		934C686A264C758E00099424 /* Objects */ = {
			isa = PBXGroup;
			children = (
				933A4585264ED73900BDE2AA /* Cell.swift */,
				933A4582264ED71100BDE2AA /* CellType.swift */,
				934C686B264C75A000099424 /* Direction.swift */,
				934C6864264C567B00099424 /* Face.swift */,
				934C686F264C75B700099424 /* GameStatus.swift */,
			);
			path = Objects;
			sourceTree = "<group>";
		};
		934C6876264C760800099424 /* Objects */ = {
			isa = PBXGroup;
			children = (
				93DE280A26580FE3007444E3 /* Settings.swift */,
			);
			path = Objects;
			sourceTree = "<group>";
		};
		934C6877264C762100099424 /* Helpers */ = {
			isa = PBXGroup;
			children = (
				93DE280426580ADD007444E3 /* Extensions */,
				93CBB0CB2649EF89009A8E53 /* AppSate.swift */,
				934C687A264C783500099424 /* Constants.swift */,
				93F0DB85264847AF0022F976 /* Images.swift */,
				E468F6DC265D26ED0081ACD7 /* KeyboardListener.swift */,
				93FE38D12649B84D00A78B84 /* Language.swift */,
				93F0DB7B26483C310022F976 /* Texts.swift */,
				E4CF518D264C12DD0058FED5 /* Utils.swift */,
			);
			path = Helpers;
			sourceTree = "<group>";
		};
		9392D573264817CB000C858B = {
			isa = PBXGroup;
			children = (
				9392D57E264817CC000C858B /* Minesweeper 3D */,
				9392D57D264817CC000C858B /* Products */,
				490AC1E5B7C53E31F386FADF /* Pods */,
				3DA8088983A7EFD893AB0016 /* Frameworks */,
			);
			sourceTree = "<group>";
		};
		9392D57D264817CC000C858B /* Products */ = {
			isa = PBXGroup;
			children = (
				9392D57C264817CC000C858B /* Minesweeper 3D.app */,
			);
			name = Products;
			sourceTree = "<group>";
		};
		9392D57E264817CC000C858B /* Minesweeper 3D */ = {
			isa = PBXGroup;
			children = (
				934C6877264C762100099424 /* Helpers */,
				9392D59126481ABA000C858B /* App */,
				93F0DB7026481F9E0022F976 /* CustomViews */,
				9392D59226481ADE000C858B /* Modules */,
				9392D585264817D1000C858B /* Preview Content */,
				93F0DB7A26483C110022F976 /* Resources */,
			);
			path = "Minesweeper 3D";
			sourceTree = "<group>";
		};
		9392D585264817D1000C858B /* Preview Content */ = {
			isa = PBXGroup;
			children = (
				9392D586264817D1000C858B /* Preview Assets.xcassets */,
			);
			path = "Preview Content";
			sourceTree = "<group>";
		};
		9392D59126481ABA000C858B /* App */ = {
			isa = PBXGroup;
			children = (
				9392D57F264817CC000C858B /* Minesweeper_3DApp.swift */,
				9392D588264817D1000C858B /* Info.plist */,
			);
			path = App;
			sourceTree = "<group>";
		};
		9392D59226481ADE000C858B /* Modules */ = {
			isa = PBXGroup;
			children = (
				93F0DB94264867F50022F976 /* CoreData */,
				E4CF5184264BF4520058FED5 /* Game */,
				9392D59326481AEB000C858B /* Main_Screen */,
				93F0DB7F26483D110022F976 /* Settings */,
			);
			path = Modules;
			sourceTree = "<group>";
		};
		9392D59326481AEB000C858B /* Main_Screen */ = {
			isa = PBXGroup;
			children = (
				9392D59426481B13000C858B /* MainVC.swift */,
			);
			path = Main_Screen;
			sourceTree = "<group>";
		};
		93DE280426580ADD007444E3 /* Extensions */ = {
			isa = PBXGroup;
			children = (
				933A4588264EEC6600BDE2AA /* Collection_EXT.swift */,
				93DE280526580AF9007444E3 /* View_EXT.swift */,
			);
			path = Extensions;
			sourceTree = "<group>";
		};
		93F0DB7026481F9E0022F976 /* CustomViews */ = {
			isa = PBXGroup;
			children = (
				93F0DB7126481FB90022F976 /* ImageButton.swift */,
			);
			path = CustomViews;
			sourceTree = "<group>";
		};
		93F0DB7A26483C110022F976 /* Resources */ = {
			isa = PBXGroup;
			children = (
				9392D583264817D1000C858B /* Assets.xcassets */,
				93FE38CD2649B45700A78B84 /* Localized.strings */,
			);
			path = Resources;
			sourceTree = "<group>";
		};
		93F0DB7F26483D110022F976 /* Settings */ = {
			isa = PBXGroup;
			children = (
				934C6876264C760800099424 /* Objects */,
				93F0DB8026483D2B0022F976 /* SettingsVC.swift */,
				93F0DB90264865F40022F976 /* SettingsVM.swift */,
			);
			path = Settings;
			sourceTree = "<group>";
		};
		93F0DB94264867F50022F976 /* CoreData */ = {
			isa = PBXGroup;
			children = (
				93F0DB95264868070022F976 /* CoreDataController.swift */,
				934C6872264C75E200099424 /* CoreDataKeys.swift */,
			);
			path = CoreData;
			sourceTree = "<group>";
		};
		E4CF5184264BF4520058FED5 /* Game */ = {
			isa = PBXGroup;
			children = (
				934C686A264C758E00099424 /* Objects */,
				934C6869264C757C00099424 /* Views */,
				E4CF5185264BF4780058FED5 /* GameBoardVC.swift */,
				934C6861264C54FC00099424 /* GameBoardVM.swift */,
			);
			path = Game;
			sourceTree = "<group>";
		};
/* End PBXGroup section */

/* Begin PBXNativeTarget section */
		9392D57B264817CC000C858B /* Minesweeper 3D */ = {
			isa = PBXNativeTarget;
			buildConfigurationList = 9392D58B264817D1000C858B /* Build configuration list for PBXNativeTarget "Minesweeper 3D" */;
			buildPhases = (
				FFAE159141B0CFD1A6DD5AEF /* [CP] Check Pods Manifest.lock */,
				9392D578264817CC000C858B /* Sources */,
				9392D579264817CC000C858B /* Frameworks */,
				9392D57A264817CC000C858B /* Resources */,
				802CFEAEEA33280B9B23D0A0 /* [CP] Embed Pods Frameworks */,
				93FE38E02649DA0900A78B84 /* SwiftLint */,
			);
			buildRules = (
			);
			dependencies = (
			);
			name = "Minesweeper 3D";
			productName = "Minesweeper 3D";
			productReference = 9392D57C264817CC000C858B /* Minesweeper 3D.app */;
			productType = "com.apple.product-type.application";
		};
/* End PBXNativeTarget section */

/* Begin PBXProject section */
		9392D574264817CB000C858B /* Project object */ = {
			isa = PBXProject;
			attributes = {
				LastSwiftUpdateCheck = 1210;
				LastUpgradeCheck = 1250;
				TargetAttributes = {
					9392D57B264817CC000C858B = {
						CreatedOnToolsVersion = 12.1;
					};
				};
			};
			buildConfigurationList = 9392D577264817CB000C858B /* Build configuration list for PBXProject "Minesweeper 3D" */;
			compatibilityVersion = "Xcode 9.3";
			developmentRegion = en;
			hasScannedForEncodings = 0;
			knownRegions = (
				en,
				es,
				"ca-ES",
				Base,
			);
			mainGroup = 9392D573264817CB000C858B;
			productRefGroup = 9392D57D264817CC000C858B /* Products */;
			projectDirPath = "";
			projectRoot = "";
			targets = (
				9392D57B264817CC000C858B /* Minesweeper 3D */,
			);
		};
/* End PBXProject section */

/* Begin PBXResourcesBuildPhase section */
		9392D57A264817CC000C858B /* Resources */ = {
			isa = PBXResourcesBuildPhase;
			buildActionMask = 2147483647;
			files = (
				93FE38CB2649B45700A78B84 /* Localized.strings in Resources */,
				9392D587264817D1000C858B /* Preview Assets.xcassets in Resources */,
				9392D584264817D1000C858B /* Assets.xcassets in Resources */,
			);
			runOnlyForDeploymentPostprocessing = 0;
		};
/* End PBXResourcesBuildPhase section */

/* Begin PBXShellScriptBuildPhase section */
		802CFEAEEA33280B9B23D0A0 /* [CP] Embed Pods Frameworks */ = {
			isa = PBXShellScriptBuildPhase;
			buildActionMask = 2147483647;
			files = (
			);
			inputFileListPaths = (
				"${PODS_ROOT}/Target Support Files/Pods-Minesweeper 3D/Pods-Minesweeper 3D-frameworks-${CONFIGURATION}-input-files.xcfilelist",
			);
			name = "[CP] Embed Pods Frameworks";
			outputFileListPaths = (
				"${PODS_ROOT}/Target Support Files/Pods-Minesweeper 3D/Pods-Minesweeper 3D-frameworks-${CONFIGURATION}-output-files.xcfilelist",
			);
			runOnlyForDeploymentPostprocessing = 0;
			shellPath = /bin/sh;
			shellScript = "\"${PODS_ROOT}/Target Support Files/Pods-Minesweeper 3D/Pods-Minesweeper 3D-frameworks.sh\"\n";
			showEnvVarsInLog = 0;
		};
		93FE38E02649DA0900A78B84 /* SwiftLint */ = {
			isa = PBXShellScriptBuildPhase;
			buildActionMask = 2147483647;
			files = (
			);
			inputFileListPaths = (
			);
			inputPaths = (
			);
			name = SwiftLint;
			outputFileListPaths = (
			);
			outputPaths = (
			);
			runOnlyForDeploymentPostprocessing = 0;
			shellPath = /bin/sh;
			shellScript = "\"${PODS_ROOT}/SwiftLint/swiftlint\"\n";
		};
		FFAE159141B0CFD1A6DD5AEF /* [CP] Check Pods Manifest.lock */ = {
			isa = PBXShellScriptBuildPhase;
			buildActionMask = 2147483647;
			files = (
			);
			inputFileListPaths = (
			);
			inputPaths = (
				"${PODS_PODFILE_DIR_PATH}/Podfile.lock",
				"${PODS_ROOT}/Manifest.lock",
			);
			name = "[CP] Check Pods Manifest.lock";
			outputFileListPaths = (
			);
			outputPaths = (
				"$(DERIVED_FILE_DIR)/Pods-Minesweeper 3D-checkManifestLockResult.txt",
			);
			runOnlyForDeploymentPostprocessing = 0;
			shellPath = /bin/sh;
			shellScript = "diff \"${PODS_PODFILE_DIR_PATH}/Podfile.lock\" \"${PODS_ROOT}/Manifest.lock\" > /dev/null\nif [ $? != 0 ] ; then\n    # print error to STDERR\n    echo \"error: The sandbox is not in sync with the Podfile.lock. Run 'pod install' or update your CocoaPods installation.\" >&2\n    exit 1\nfi\n# This output is used by Xcode 'outputs' to avoid re-running this script phase.\necho \"SUCCESS\" > \"${SCRIPT_OUTPUT_FILE_0}\"\n";
			showEnvVarsInLog = 0;
		};
/* End PBXShellScriptBuildPhase section */

/* Begin PBXSourcesBuildPhase section */
		9392D578264817CC000C858B /* Sources */ = {
			isa = PBXSourcesBuildPhase;
			buildActionMask = 2147483647;
			files = (
				93DE280626580AF9007444E3 /* View_EXT.swift in Sources */,
				E4CF518A264BF9DE0058FED5 /* HorizontalHintCell.swift in Sources */,
				93CBB0CC2649EF89009A8E53 /* AppSate.swift in Sources */,
				934C6862264C54FC00099424 /* GameBoardVM.swift in Sources */,
				E4CF5188264BF6820058FED5 /* VerticalHintCell.swift in Sources */,
				E468F6DD265D26ED0081ACD7 /* KeyboardListener.swift in Sources */,
				933A4586264ED73900BDE2AA /* Cell.swift in Sources */,
				93F0DB96264868070022F976 /* CoreDataController.swift in Sources */,
				934C6870264C75B800099424 /* GameStatus.swift in Sources */,
				93F0DB8126483D2B0022F976 /* SettingsVC.swift in Sources */,
				93F0DB86264847AF0022F976 /* Images.swift in Sources */,
				93F0DB7226481FB90022F976 /* ImageButton.swift in Sources */,
				9392D580264817CC000C858B /* Minesweeper_3DApp.swift in Sources */,
				93F0DB7C26483C310022F976 /* Texts.swift in Sources */,
				934C6865264C567C00099424 /* Face.swift in Sources */,
				E4CF518E264C12DD0058FED5 /* Utils.swift in Sources */,
				934C686C264C75A000099424 /* Direction.swift in Sources */,
				93DE280B26580FE3007444E3 /* Settings.swift in Sources */,
				933A4583264ED71100BDE2AA /* CellType.swift in Sources */,
				934C6873264C75E200099424 /* CoreDataKeys.swift in Sources */,
				9392D59526481B13000C858B /* MainVC.swift in Sources */,
				93F0DB91264865F40022F976 /* SettingsVM.swift in Sources */,
				E4CF518C264BFF330058FED5 /* GameBoardCell.swift in Sources */,
				933A4589264EEC6600BDE2AA /* Collection_EXT.swift in Sources */,
				E4CF5186264BF4780058FED5 /* GameBoardVC.swift in Sources */,
				93FE38D22649B84D00A78B84 /* Language.swift in Sources */,
				934C687B264C783500099424 /* Constants.swift in Sources */,
			);
			runOnlyForDeploymentPostprocessing = 0;
		};
/* End PBXSourcesBuildPhase section */

/* Begin PBXVariantGroup section */
		93FE38CD2649B45700A78B84 /* Localized.strings */ = {
			isa = PBXVariantGroup;
			children = (
				93FE38CC2649B45700A78B84 /* en */,
				93FE38CF2649B46000A78B84 /* es */,
				93FE38D72649C4DA00A78B84 /* ca-ES */,
			);
			name = Localized.strings;
			sourceTree = "<group>";
		};
/* End PBXVariantGroup section */

/* Begin XCBuildConfiguration section */
		9392D589264817D1000C858B /* Debug */ = {
			isa = XCBuildConfiguration;
			buildSettings = {
				ALWAYS_SEARCH_USER_PATHS = NO;
				CLANG_ANALYZER_LOCALIZABILITY_NONLOCALIZED = YES;
				CLANG_ANALYZER_NONNULL = YES;
				CLANG_ANALYZER_NUMBER_OBJECT_CONVERSION = YES_AGGRESSIVE;
				CLANG_CXX_LANGUAGE_STANDARD = "gnu++14";
				CLANG_CXX_LIBRARY = "libc++";
				CLANG_ENABLE_MODULES = YES;
				CLANG_ENABLE_OBJC_ARC = YES;
				CLANG_ENABLE_OBJC_WEAK = YES;
				CLANG_WARN_BLOCK_CAPTURE_AUTORELEASING = YES;
				CLANG_WARN_BOOL_CONVERSION = YES;
				CLANG_WARN_COMMA = YES;
				CLANG_WARN_CONSTANT_CONVERSION = YES;
				CLANG_WARN_DEPRECATED_OBJC_IMPLEMENTATIONS = YES;
				CLANG_WARN_DIRECT_OBJC_ISA_USAGE = YES_ERROR;
				CLANG_WARN_DOCUMENTATION_COMMENTS = YES;
				CLANG_WARN_EMPTY_BODY = YES;
				CLANG_WARN_ENUM_CONVERSION = YES;
				CLANG_WARN_INFINITE_RECURSION = YES;
				CLANG_WARN_INT_CONVERSION = YES;
				CLANG_WARN_NON_LITERAL_NULL_CONVERSION = YES;
				CLANG_WARN_OBJC_IMPLICIT_RETAIN_SELF = YES;
				CLANG_WARN_OBJC_LITERAL_CONVERSION = YES;
				CLANG_WARN_OBJC_ROOT_CLASS = YES_ERROR;
				CLANG_WARN_QUOTED_INCLUDE_IN_FRAMEWORK_HEADER = YES;
				CLANG_WARN_RANGE_LOOP_ANALYSIS = YES;
				CLANG_WARN_STRICT_PROTOTYPES = YES;
				CLANG_WARN_SUSPICIOUS_MOVE = YES;
				CLANG_WARN_UNGUARDED_AVAILABILITY = YES_AGGRESSIVE;
				CLANG_WARN_UNREACHABLE_CODE = YES;
				CLANG_WARN__DUPLICATE_METHOD_MATCH = YES;
				COPY_PHASE_STRIP = NO;
				DEBUG_INFORMATION_FORMAT = dwarf;
				ENABLE_STRICT_OBJC_MSGSEND = YES;
				ENABLE_TESTABILITY = YES;
				GCC_C_LANGUAGE_STANDARD = gnu11;
				GCC_DYNAMIC_NO_PIC = NO;
				GCC_NO_COMMON_BLOCKS = YES;
				GCC_OPTIMIZATION_LEVEL = 0;
				GCC_PREPROCESSOR_DEFINITIONS = (
					"DEBUG=1",
					"$(inherited)",
				);
				GCC_WARN_64_TO_32_BIT_CONVERSION = YES;
				GCC_WARN_ABOUT_RETURN_TYPE = YES_ERROR;
				GCC_WARN_UNDECLARED_SELECTOR = YES;
				GCC_WARN_UNINITIALIZED_AUTOS = YES_AGGRESSIVE;
				GCC_WARN_UNUSED_FUNCTION = YES;
				GCC_WARN_UNUSED_VARIABLE = YES;
				IPHONEOS_DEPLOYMENT_TARGET = 14.1;
				MTL_ENABLE_DEBUG_INFO = INCLUDE_SOURCE;
				MTL_FAST_MATH = YES;
				ONLY_ACTIVE_ARCH = YES;
				SDKROOT = iphoneos;
				SWIFT_ACTIVE_COMPILATION_CONDITIONS = DEBUG;
				SWIFT_OPTIMIZATION_LEVEL = "-Onone";
			};
			name = Debug;
		};
		9392D58A264817D1000C858B /* Release */ = {
			isa = XCBuildConfiguration;
			buildSettings = {
				ALWAYS_SEARCH_USER_PATHS = NO;
				CLANG_ANALYZER_LOCALIZABILITY_NONLOCALIZED = YES;
				CLANG_ANALYZER_NONNULL = YES;
				CLANG_ANALYZER_NUMBER_OBJECT_CONVERSION = YES_AGGRESSIVE;
				CLANG_CXX_LANGUAGE_STANDARD = "gnu++14";
				CLANG_CXX_LIBRARY = "libc++";
				CLANG_ENABLE_MODULES = YES;
				CLANG_ENABLE_OBJC_ARC = YES;
				CLANG_ENABLE_OBJC_WEAK = YES;
				CLANG_WARN_BLOCK_CAPTURE_AUTORELEASING = YES;
				CLANG_WARN_BOOL_CONVERSION = YES;
				CLANG_WARN_COMMA = YES;
				CLANG_WARN_CONSTANT_CONVERSION = YES;
				CLANG_WARN_DEPRECATED_OBJC_IMPLEMENTATIONS = YES;
				CLANG_WARN_DIRECT_OBJC_ISA_USAGE = YES_ERROR;
				CLANG_WARN_DOCUMENTATION_COMMENTS = YES;
				CLANG_WARN_EMPTY_BODY = YES;
				CLANG_WARN_ENUM_CONVERSION = YES;
				CLANG_WARN_INFINITE_RECURSION = YES;
				CLANG_WARN_INT_CONVERSION = YES;
				CLANG_WARN_NON_LITERAL_NULL_CONVERSION = YES;
				CLANG_WARN_OBJC_IMPLICIT_RETAIN_SELF = YES;
				CLANG_WARN_OBJC_LITERAL_CONVERSION = YES;
				CLANG_WARN_OBJC_ROOT_CLASS = YES_ERROR;
				CLANG_WARN_QUOTED_INCLUDE_IN_FRAMEWORK_HEADER = YES;
				CLANG_WARN_RANGE_LOOP_ANALYSIS = YES;
				CLANG_WARN_STRICT_PROTOTYPES = YES;
				CLANG_WARN_SUSPICIOUS_MOVE = YES;
				CLANG_WARN_UNGUARDED_AVAILABILITY = YES_AGGRESSIVE;
				CLANG_WARN_UNREACHABLE_CODE = YES;
				CLANG_WARN__DUPLICATE_METHOD_MATCH = YES;
				COPY_PHASE_STRIP = NO;
				DEBUG_INFORMATION_FORMAT = "dwarf-with-dsym";
				ENABLE_NS_ASSERTIONS = NO;
				ENABLE_STRICT_OBJC_MSGSEND = YES;
				GCC_C_LANGUAGE_STANDARD = gnu11;
				GCC_NO_COMMON_BLOCKS = YES;
				GCC_WARN_64_TO_32_BIT_CONVERSION = YES;
				GCC_WARN_ABOUT_RETURN_TYPE = YES_ERROR;
				GCC_WARN_UNDECLARED_SELECTOR = YES;
				GCC_WARN_UNINITIALIZED_AUTOS = YES_AGGRESSIVE;
				GCC_WARN_UNUSED_FUNCTION = YES;
				GCC_WARN_UNUSED_VARIABLE = YES;
				IPHONEOS_DEPLOYMENT_TARGET = 14.1;
				MTL_ENABLE_DEBUG_INFO = NO;
				MTL_FAST_MATH = YES;
				SDKROOT = iphoneos;
				SWIFT_COMPILATION_MODE = wholemodule;
				SWIFT_OPTIMIZATION_LEVEL = "-O";
				VALIDATE_PRODUCT = YES;
			};
			name = Release;
		};
		9392D58C264817D1000C858B /* Debug */ = {
			isa = XCBuildConfiguration;
			baseConfigurationReference = C09E57D4C7D10CF86D2E73F6 /* Pods-Minesweeper 3D.debug.xcconfig */;
			buildSettings = {
				ASSETCATALOG_COMPILER_APPICON_NAME = AppIcon;
				ASSETCATALOG_COMPILER_GLOBAL_ACCENT_COLOR_NAME = AccentColor;
				CODE_SIGN_STYLE = Automatic;
				DEVELOPMENT_ASSET_PATHS = "\"Minesweeper 3D/Preview Content\"";
				DEVELOPMENT_TEAM = FLYLZ94A58;
				ENABLE_PREVIEWS = YES;
				INFOPLIST_FILE = "Minesweeper 3D/App/Info.plist";
				IPHONEOS_DEPLOYMENT_TARGET = 14.0;
				LD_RUNPATH_SEARCH_PATHS = (
					"$(inherited)",
					"@executable_path/Frameworks",
				);
				PRODUCT_BUNDLE_IDENTIFIER = "com.alphadvlpr.Minesweeper-3D";
				PRODUCT_NAME = "$(TARGET_NAME)";
				SWIFT_VERSION = 5.0;
				TARGETED_DEVICE_FAMILY = 1;
			};
			name = Debug;
		};
		9392D58D264817D1000C858B /* Release */ = {
			isa = XCBuildConfiguration;
			baseConfigurationReference = B2D993DEE2D6D76A9E5221D5 /* Pods-Minesweeper 3D.release.xcconfig */;
			buildSettings = {
				ASSETCATALOG_COMPILER_APPICON_NAME = AppIcon;
				ASSETCATALOG_COMPILER_GLOBAL_ACCENT_COLOR_NAME = AccentColor;
				CODE_SIGN_STYLE = Automatic;
				DEVELOPMENT_ASSET_PATHS = "\"Minesweeper 3D/Preview Content\"";
				DEVELOPMENT_TEAM = FLYLZ94A58;
				ENABLE_PREVIEWS = YES;
				INFOPLIST_FILE = "Minesweeper 3D/App/Info.plist";
				IPHONEOS_DEPLOYMENT_TARGET = 14.0;
				LD_RUNPATH_SEARCH_PATHS = (
					"$(inherited)",
					"@executable_path/Frameworks",
				);
				PRODUCT_BUNDLE_IDENTIFIER = "com.alphadvlpr.Minesweeper-3D";
				PRODUCT_NAME = "$(TARGET_NAME)";
				SWIFT_VERSION = 5.0;
				TARGETED_DEVICE_FAMILY = 1;
			};
			name = Release;
		};
/* End XCBuildConfiguration section */

/* Begin XCConfigurationList section */
		9392D577264817CB000C858B /* Build configuration list for PBXProject "Minesweeper 3D" */ = {
			isa = XCConfigurationList;
			buildConfigurations = (
				9392D589264817D1000C858B /* Debug */,
				9392D58A264817D1000C858B /* Release */,
			);
			defaultConfigurationIsVisible = 0;
			defaultConfigurationName = Release;
		};
		9392D58B264817D1000C858B /* Build configuration list for PBXNativeTarget "Minesweeper 3D" */ = {
			isa = XCConfigurationList;
			buildConfigurations = (
				9392D58C264817D1000C858B /* Debug */,
				9392D58D264817D1000C858B /* Release */,
			);
			defaultConfigurationIsVisible = 0;
			defaultConfigurationName = Release;
		};
/* End XCConfigurationList section */
	};
	rootObject = 9392D574264817CB000C858B /* Project object */;
}
